
Microsoft Visual Studio Solution File, Format Version 12.00
# Visual Studio 2013
VisualStudioVersion = 12.0.31101.0
MinimumVisualStudioVersion = 10.0.40219.1
Project("{FAE04EC0-301F-11D3-BF4B-00C04F79EFBC}") = "The-Nature-of-Code-processingjs-ts", "The-Nature-of-Code-processingjs-ts.csproj", "{D522EFF1-4A2B-4880-81E2-CEAD3304668E}"
EndProject
Global
	GlobalSection(SolutionConfigurationPlatforms) = preSolution
		Debug|Any CPU = Debug|Any CPU
		Release|Any CPU = Release|Any CPU
	EndGlobalSection
	GlobalSection(ProjectConfigurationPlatforms) = postSolution
		{D522EFF1-4A2B-4880-81E2-CEAD3304668E}.Debug|Any CPU.ActiveCfg = Debug|Any CPU
		{D522EFF1-4A2B-4880-81E2-CEAD3304668E}.Debug|Any CPU.Build.0 = Debug|Any CPU
		{D522EFF1-4A2B-4880-81E2-CEAD3304668E}.Release|Any CPU.ActiveCfg = Release|Any CPU
		{D522EFF1-4A2B-4880-81E2-CEAD3304668E}.Release|Any CPU.Build.0 = Release|Any CPU
	EndGlobalSection
	GlobalSection(SolutionProperties) = preSolution
		HideSolutionNode = FALSE
	EndGlobalSection
EndGlobal
